
Microsoft Visual Studio Solution File, Format Version 12.00
# Visual Studio 15
VisualStudioVersion = 15.0.26430.6
MinimumVisualStudioVersion = 10.0.40219.1
Project("{FAE04EC0-301F-11D3-BF4B-00C04F79EFBC}") = "EmployeeService", "EmployeeService\EmployeeService.csproj", "{8B4D59A2-6AD1-45EB-84B9-ACAAA1C945F6}"
EndProject
Project("{FAE04EC0-301F-11D3-BF4B-00C04F79EFBC}") = "EmplyeeDataAccess", "EmplyeeDataAccess\EmplyeeDataAccess.csproj", "{C1ED8292-1D93-4205-9315-DCA934669D76}"
EndProject
Project("{FAE04EC0-301F-11D3-BF4B-00C04F79EFBC}") = "ClentApplication", "ClentApplication\ClentApplication.csproj", "{B9B629FF-C822-4ECC-9E96-1EA6270B1B1C}"
EndProject
Global
	GlobalSection(SolutionConfigurationPlatforms) = preSolution
		Debug|Any CPU = Debug|Any CPU
		Release|Any CPU = Release|Any CPU
	EndGlobalSection
	GlobalSection(ProjectConfigurationPlatforms) = postSolution
		{8B4D59A2-6AD1-45EB-84B9-ACAAA1C945F6}.Debug|Any CPU.ActiveCfg = Debug|Any CPU
		{8B4D59A2-6AD1-45EB-84B9-ACAAA1C945F6}.Debug|Any CPU.Build.0 = Debug|Any CPU
		{8B4D59A2-6AD1-45EB-84B9-ACAAA1C945F6}.Release|Any CPU.ActiveCfg = Release|Any CPU
		{8B4D59A2-6AD1-45EB-84B9-ACAAA1C945F6}.Release|Any CPU.Build.0 = Release|Any CPU
		{C1ED8292-1D93-4205-9315-DCA934669D76}.Debug|Any CPU.ActiveCfg = Debug|Any CPU
		{C1ED8292-1D93-4205-9315-DCA934669D76}.Debug|Any CPU.Build.0 = Debug|Any CPU
		{C1ED8292-1D93-4205-9315-DCA934669D76}.Release|Any CPU.ActiveCfg = Release|Any CPU
		{C1ED8292-1D93-4205-9315-DCA934669D76}.Release|Any CPU.Build.0 = Release|Any CPU
		{B9B629FF-C822-4ECC-9E96-1EA6270B1B1C}.Debug|Any CPU.ActiveCfg = Debug|Any CPU
		{B9B629FF-C822-4ECC-9E96-1EA6270B1B1C}.Debug|Any CPU.Build.0 = Debug|Any CPU
		{B9B629FF-C822-4ECC-9E96-1EA6270B1B1C}.Release|Any CPU.ActiveCfg = Release|Any CPU
		{B9B629FF-C822-4ECC-9E96-1EA6270B1B1C}.Release|Any CPU.Build.0 = Release|Any CPU
	EndGlobalSection
	GlobalSection(SolutionProperties) = preSolution
		HideSolutionNode = FALSE
	EndGlobalSection
EndGlobal
